
Microsoft Visual Studio Solution File, Format Version 12.00
# Visual Studio Version 16
VisualStudioVersion = 16.0.31624.102
MinimumVisualStudioVersion = 10.0.40219.1
Project("{FAE04EC0-301F-11D3-BF4B-00C04F79EFBC}") = "BTLLTQL", "BTLLTQL\BTLLTQL.csproj", "{22E704E8-6B58-4CF9-AE4F-6786E6F2F42C}"
EndProject
Global
	GlobalSection(SolutionConfigurationPlatforms) = preSolution
		Debug|Any CPU = Debug|Any CPU
		Release|Any CPU = Release|Any CPU
	EndGlobalSection
	GlobalSection(ProjectConfigurationPlatforms) = postSolution
		{22E704E8-6B58-4CF9-AE4F-6786E6F2F42C}.Debug|Any CPU.ActiveCfg = Debug|Any CPU
		{22E704E8-6B58-4CF9-AE4F-6786E6F2F42C}.Debug|Any CPU.Build.0 = Debug|Any CPU
		{22E704E8-6B58-4CF9-AE4F-6786E6F2F42C}.Release|Any CPU.ActiveCfg = Release|Any CPU
		{22E704E8-6B58-4CF9-AE4F-6786E6F2F42C}.Release|Any CPU.Build.0 = Release|Any CPU
	EndGlobalSection
	GlobalSection(SolutionProperties) = preSolution
		HideSolutionNode = FALSE
	EndGlobalSection
	GlobalSection(ExtensibilityGlobals) = postSolution
		SolutionGuid = {FEDBB526-0944-4695-877D-7E566CB5B478}
	EndGlobalSection
EndGlobal
